
Microsoft Visual Studio Solution File, Format Version 12.00
# Visual Studio 2013
VisualStudioVersion = 12.0.21005.1
MinimumVisualStudioVersion = 10.0.40219.1
Project("{FAE04EC0-301F-11D3-BF4B-00C04F79EFBC}") = "WorkData", "WorkData\WorkData.csproj", "{8D84D380-A0ED-41EB-9F30-1C3F057FCCDA}"
EndProject
Project("{FAE04EC0-301F-11D3-BF4B-00C04F79EFBC}") = "WorkLib", "WorkLib\WorkLib.csproj", "{145F788D-94E3-4B15-8B79-A09144468411}"
EndProject
Project("{FAE04EC0-301F-11D3-BF4B-00C04F79EFBC}") = "UIElements", "UIElements\UIElements.csproj", "{E847B524-8420-4E62-A21D-F31C5465EC07}"
EndProject
Global
	GlobalSection(SolutionConfigurationPlatforms) = preSolution
		Debug|Any CPU = Debug|Any CPU
		Release|Any CPU = Release|Any CPU
	EndGlobalSection
	GlobalSection(ProjectConfigurationPlatforms) = postSolution
		{8D84D380-A0ED-41EB-9F30-1C3F057FCCDA}.Debug|Any CPU.ActiveCfg = Debug|Any CPU
		{8D84D380-A0ED-41EB-9F30-1C3F057FCCDA}.Debug|Any CPU.Build.0 = Debug|Any CPU
		{8D84D380-A0ED-41EB-9F30-1C3F057FCCDA}.Release|Any CPU.ActiveCfg = Release|Any CPU
		{8D84D380-A0ED-41EB-9F30-1C3F057FCCDA}.Release|Any CPU.Build.0 = Release|Any CPU
		{145F788D-94E3-4B15-8B79-A09144468411}.Debug|Any CPU.ActiveCfg = Debug|Any CPU
		{145F788D-94E3-4B15-8B79-A09144468411}.Debug|Any CPU.Build.0 = Debug|Any CPU
		{145F788D-94E3-4B15-8B79-A09144468411}.Release|Any CPU.ActiveCfg = Release|Any CPU
		{145F788D-94E3-4B15-8B79-A09144468411}.Release|Any CPU.Build.0 = Release|Any CPU
		{E847B524-8420-4E62-A21D-F31C5465EC07}.Debug|Any CPU.ActiveCfg = Debug|Any CPU
		{E847B524-8420-4E62-A21D-F31C5465EC07}.Debug|Any CPU.Build.0 = Debug|Any CPU
		{E847B524-8420-4E62-A21D-F31C5465EC07}.Release|Any CPU.ActiveCfg = Release|Any CPU
		{E847B524-8420-4E62-A21D-F31C5465EC07}.Release|Any CPU.Build.0 = Release|Any CPU
	EndGlobalSection
	GlobalSection(SolutionProperties) = preSolution
		HideSolutionNode = FALSE
	EndGlobalSection
EndGlobal
